<?xml version="1.0" encoding="UTF-8"?>
<Scheme
   LastUpgradeVersion = "1330"
   version = "1.3">
   <BuildAction
      parallelizeBuildables = "NO"
      buildImplicitDependencies = "YES">
      <BuildActionEntries>
         <BuildActionEntry
            buildForTesting = "YES"
            buildForRunning = "YES"
            buildForProfiling = "YES"
            buildForArchiving = "YES"
            buildForAnalyzing = "YES">
            <BuildableReference
               BuildableIdentifier = "primary"
               BlueprintIdentifier = "5085266D1E52FDC000D611F4"
               BuildableName = "MKRingProgressView.framework"
               BlueprintName = "MKRingProgressView"
               ReferencedContainer = "container:MKRingProgressView/MKRingProgressView.xcodeproj">
            </BuildableReference>
         </BuildActionEntry>
         <BuildActionEntry
            buildForTesting = "YES"
            buildForRunning = "YES"
            buildForProfiling = "YES"
            buildForArchiving = "YES"
            buildForAnalyzing = "YES">
            <BuildableReference
               BuildableIdentifier = "primary"
               BlueprintIdentifier = "43D8FDCA1C728FDF0073BE78"
               BuildableName = "LoopKit.framework"
               BlueprintName = "LoopKit"
               ReferencedContainer = "container:LoopKit/LoopKit.xcodeproj">
            </BuildableReference>
         </BuildActionEntry>
         <BuildActionEntry
            buildForTesting = "YES"
            buildForRunning = "YES"
            buildForProfiling = "YES"
            buildForArchiving = "YES"
            buildForAnalyzing = "YES">
            <BuildableReference
               BuildableIdentifier = "primary"
               BlueprintIdentifier = "A9E6758022713F4700E25293"
               BuildableName = "LoopKit.framework"
               BlueprintName = "LoopKit-watchOS"
               ReferencedContainer = "container:LoopKit/LoopKit.xcodeproj">
            </BuildableReference>
         </BuildActionEntry>
         <BuildActionEntry
            buildForTesting = "YES"
            buildForRunning = "YES"
            buildForProfiling = "YES"
            buildForArchiving = "YES"
            buildForAnalyzing = "YES">
            <BuildableReference
               BuildableIdentifier = "primary"
               BlueprintIdentifier = "8687AEE71C66F322005D9419"
               BuildableName = "Minizip.framework"
               BlueprintName = "Minizip-iOS"
               ReferencedContainer = "container:Minizip/Minizip.xcodeproj">
            </BuildableReference>
         </BuildActionEntry>
         <BuildActionEntry
            buildForTesting = "YES"
            buildForRunning = "YES"
            buildForProfiling = "YES"
            buildForArchiving = "YES"
            buildForAnalyzing = "YES">
            <BuildableReference
               BuildableIdentifier = "primary"
               BlueprintIdentifier = "43BA7153201E484D0058961E"
               BuildableName = "LoopKitUI.framework"
               BlueprintName = "LoopKitUI"
               ReferencedContainer = "container:LoopKit/LoopKit.xcodeproj">
            </BuildableReference>
         </BuildActionEntry>
         <BuildActionEntry
            buildForTesting = "YES"
            buildForRunning = "YES"
            buildForProfiling = "YES"
            buildForArchiving = "YES"
            buildForAnalyzing = "YES">
            <BuildableReference
               BuildableIdentifier = "primary"
               BlueprintIdentifier = "892A5D33222F03CB008961AB"
               BuildableName = "LoopTestingKit.framework"
               BlueprintName = "LoopTestingKit"
               ReferencedContainer = "container:LoopKit/LoopKit.xcodeproj">
            </BuildableReference>
         </BuildActionEntry>
         <BuildActionEntry
            buildForTesting = "YES"
            buildForRunning = "YES"
            buildForProfiling = "YES"
            buildForArchiving = "YES"
            buildForAnalyzing = "YES">
            <BuildableReference
               BuildableIdentifier = "primary"
               BlueprintIdentifier = "89D2047121CC7BD7001238CC"
               BuildableName = "MockKit.framework"
               BlueprintName = "MockKit"
               ReferencedContainer = "container:LoopKit/LoopKit.xcodeproj">
            </BuildableReference>
         </BuildActionEntry>
         <BuildActionEntry
            buildForTesting = "YES"
            buildForRunning = "YES"
            buildForProfiling = "YES"
            buildForArchiving = "YES"
            buildForAnalyzing = "YES">
            <BuildableReference
               BuildableIdentifier = "primary"
               BlueprintIdentifier = "89D2048E21CC7C12001238CC"
               BuildableName = "MockKitUI.framework"
               BlueprintName = "MockKitUI"
               ReferencedContainer = "container:LoopKit/LoopKit.xcodeproj">
            </BuildableReference>
         </BuildActionEntry>
         <BuildActionEntry
            buildForTesting = "YES"
            buildForRunning = "YES"
            buildForProfiling = "YES"
            buildForArchiving = "YES"
            buildForAnalyzing = "YES">
            <BuildableReference
               BuildableIdentifier = "primary"
               BlueprintIdentifier = "12C972CA24105C3600E9CDDB"
               BuildableName = "Amplitude.framework"
               BlueprintName = "Amplitude_iOS"
               ReferencedContainer = "container:Amplitude-iOS/Amplitude.xcodeproj">
            </BuildableReference>
         </BuildActionEntry>
         <BuildActionEntry
            buildForTesting = "YES"
            buildForRunning = "YES"
            buildForProfiling = "YES"
            buildForArchiving = "YES"
            buildForAnalyzing = "YES">
            <BuildableReference
               BuildableIdentifier = "primary"
               BlueprintIdentifier = "A9FC98DB2333EFE10010CBD2"
               BuildableName = "AmplitudeServiceKitPlugin.loopplugin"
               BlueprintName = "AmplitudeServiceKitPlugin"
               ReferencedContainer = "container:AmplitudeService/AmplitudeService.xcodeproj">
            </BuildableReference>
         </BuildActionEntry>
         <BuildActionEntry
            buildForTesting = "YES"
            buildForRunning = "YES"
            buildForProfiling = "YES"
            buildForArchiving = "YES"
            buildForAnalyzing = "YES">
            <BuildableReference
               BuildableIdentifier = "primary"
               BlueprintIdentifier = "43C246921D8918AE0031F8D1"
               BuildableName = "Crypto.framework"
               BlueprintName = "Crypto"
               ReferencedContainer = "container:rileylink_ios/RileyLink.xcodeproj">
            </BuildableReference>
         </BuildActionEntry>
         <BuildActionEntry
            buildForTesting = "YES"
            buildForRunning = "YES"
            buildForProfiling = "YES"
            buildForArchiving = "YES"
            buildForAnalyzing = "YES">
            <BuildableReference
               BuildableIdentifier = "primary"
               BlueprintIdentifier = "C136AA5D231187B0008A320D"
               BuildableName = "MinimedKitPlugin.loopplugin"
               BlueprintName = "MinimedKitPlugin"
               ReferencedContainer = "container:rileylink_ios/RileyLink.xcodeproj">
            </BuildableReference>
         </BuildActionEntry>
         <BuildActionEntry
            buildForTesting = "YES"
            buildForRunning = "YES"
            buildForProfiling = "YES"
            buildForArchiving = "YES"
            buildForAnalyzing = "YES">
            <BuildableReference
               BuildableIdentifier = "primary"
               BlueprintIdentifier = "C1B3830A1CD0665D00CE7782"
               BuildableName = "NightscoutUploadKit.framework"
               BlueprintName = "NightscoutUploadKit"
               ReferencedContainer = "container:rileylink_ios/RileyLink.xcodeproj">
            </BuildableReference>
         </BuildActionEntry>
         <BuildActionEntry
            buildForTesting = "YES"
            buildForRunning = "YES"
            buildForProfiling = "YES"
            buildForArchiving = "YES"
            buildForAnalyzing = "YES">
            <BuildableReference
               BuildableIdentifier = "primary"
               BlueprintIdentifier = "A99C713023396CB100AB9035"
               BuildableName = "NightscoutServiceKitPlugin.loopplugin"
               BlueprintName = "NightscoutServiceKitPlugin"
               ReferencedContainer = "container:NightscoutService/NightscoutService.xcodeproj">
            </BuildableReference>
         </BuildActionEntry>
         <BuildActionEntry
            buildForTesting = "YES"
            buildForRunning = "YES"
            buildForProfiling = "YES"
            buildForArchiving = "YES"
            buildForAnalyzing = "YES">
            <BuildableReference
               BuildableIdentifier = "primary"
               BlueprintIdentifier = "C136AA2923116E32008A320D"
               BuildableName = "OmniKitPlugin.loopplugin"
               BlueprintName = "OmniKitPlugin"
               ReferencedContainer = "container:rileylink_ios/RileyLink.xcodeproj">
            </BuildableReference>
         </BuildActionEntry>
         <BuildActionEntry
            buildForTesting = "YES"
            buildForRunning = "YES"
            buildForProfiling = "YES"
            buildForArchiving = "YES"
            buildForAnalyzing = "YES">
            <BuildableReference
               BuildableIdentifier = "primary"
               BlueprintIdentifier = "C187C196279086A8006E3557"
               BuildableName = "OmniBLEPlugin.loopplugin"
               BlueprintName = "OmniBLEPlugin"
               ReferencedContainer = "container:OmniBLE/OmniBLE.xcodeproj">
            </BuildableReference>
         </BuildActionEntry>
         <BuildActionEntry
            buildForTesting = "YES"
            buildForRunning = "YES"
            buildForProfiling = "YES"
            buildForArchiving = "YES"
            buildForAnalyzing = "YES">
            <BuildableReference
               BuildableIdentifier = "primary"
               BlueprintIdentifier = "B40BF25D23ABD47400A43CEE"
               BuildableName = "ShareClientPlugin.loopplugin"
               BlueprintName = "ShareClientPlugin"
               ReferencedContainer = "container:dexcom-share-client-swift/ShareClient.xcodeproj">
            </BuildableReference>
         </BuildActionEntry>
         <BuildActionEntry
            buildForTesting = "YES"
            buildForRunning = "YES"
            buildForProfiling = "YES"
            buildForArchiving = "YES"
            buildForAnalyzing = "YES">
            <BuildableReference
               BuildableIdentifier = "primary"
               BlueprintIdentifier = "A99C711A233965F000AB9035"
               BuildableName = "LogglyServiceKitPlugin.loopplugin"
               BlueprintName = "LogglyServiceKitPlugin"
               ReferencedContainer = "container:LogglyService/LogglyService.xcodeproj">
            </BuildableReference>
         </BuildActionEntry>
         <BuildActionEntry
            buildForTesting = "YES"
            buildForRunning = "YES"
            buildForProfiling = "YES"
            buildForArchiving = "YES"
            buildForAnalyzing = "YES">
            <BuildableReference
               BuildableIdentifier = "primary"
               BlueprintIdentifier = "B4D40D3D23A428BC00D7ECB5"
               BuildableName = "CGMBLEKitG5Plugin.loopplugin"
               BlueprintName = "CGMBLEKitG5Plugin"
               ReferencedContainer = "container:CGMBLEKit/CGMBLEKit.xcodeproj">
            </BuildableReference>
         </BuildActionEntry>
         <BuildActionEntry
            buildForTesting = "YES"
            buildForRunning = "YES"
            buildForProfiling = "YES"
            buildForArchiving = "YES"
            buildForAnalyzing = "YES">
            <BuildableReference
               BuildableIdentifier = "primary"
               BlueprintIdentifier = "B4D40D2D23A3E91800D7ECB5"
               BuildableName = "CGMBLEKitG6Plugin.loopplugin"
               BlueprintName = "CGMBLEKitG6Plugin"
               ReferencedContainer = "container:CGMBLEKit/CGMBLEKit.xcodeproj">
            </BuildableReference>
         </BuildActionEntry>
         <BuildActionEntry
            buildForTesting = "YES"
            buildForRunning = "YES"
            buildForProfiling = "YES"
            buildForArchiving = "YES"
            buildForAnalyzing = "YES">
            <BuildableReference
               BuildableIdentifier = "primary"
               BlueprintIdentifier = "28482DC11D314E7B003491D9"
               BuildableName = "TrueTime.framework"
               BlueprintName = "TrueTime-iOS"
               ReferencedContainer = "container:TrueTime.swift/TrueTime.xcodeproj">
            </BuildableReference>
         </BuildActionEntry>
         <BuildActionEntry
            buildForTesting = "YES"
            buildForRunning = "YES"
            buildForProfiling = "YES"
            buildForArchiving = "YES"
            buildForAnalyzing = "YES">
            <BuildableReference
               BuildableIdentifier = "primary"
               BlueprintIdentifier = "A936A8F625BC99470085119C"
               BuildableName = "LoopOnboardingPlugin.loopplugin"
               BlueprintName = "LoopOnboardingPlugin"
               ReferencedContainer = "container:LoopOnboarding/LoopOnboarding.xcodeproj">
            </BuildableReference>
         </BuildActionEntry>
         <BuildActionEntry
            buildForTesting = "YES"
            buildForRunning = "YES"
            buildForProfiling = "YES"
            buildForArchiving = "YES"
            buildForAnalyzing = "YES">
            <BuildableReference
               BuildableIdentifier = "primary"
               BlueprintIdentifier = "A936A97325BC9A230085119C"
               BuildableName = "LoopSupportPlugin.loopplugin"
               BlueprintName = "LoopSupportPlugin"
               ReferencedContainer = "container:LoopSupport/LoopSupport.xcodeproj">
            </BuildableReference>
         </BuildActionEntry>
         <BuildActionEntry
            buildForTesting = "YES"
            buildForRunning = "YES"
            buildForProfiling = "YES"
            buildForArchiving = "YES"
            buildForAnalyzing = "YES">
            <BuildableReference
               BuildableIdentifier = "primary"
               BlueprintIdentifier = "A9BAC72626CDB7A5001C9493"
               BuildableName = "NightscoutAPIClientPlugin.loopplugin"
               BlueprintName = "NightscoutAPIClientPlugin"
               ReferencedContainer = "container:NightscoutAPIClient/NightscoutAPIClient.xcodeproj">
            </BuildableReference>
         </BuildActionEntry>
         <BuildActionEntry
            buildForTesting = "YES"
            buildForRunning = "YES"
            buildForProfiling = "YES"
            buildForArchiving = "YES"
            buildForAnalyzing = "YES">
            <BuildableReference
               BuildableIdentifier = "primary"
               BlueprintIdentifier = "43776F8B1B8022E90074EA36"
               BuildableName = "Loop.app"
               BlueprintName = "Loop"
               ReferencedContainer = "container:Loop/Loop.xcodeproj">
            </BuildableReference>
         </BuildActionEntry>
         <BuildActionEntry
            buildForTesting = "YES"
            buildForRunning = "NO"
            buildForProfiling = "NO"
            buildForArchiving = "NO"
            buildForAnalyzing = "NO">
            <BuildableReference
               BuildableIdentifier = "primary"
               BlueprintIdentifier = "84752E8A26ED0FFE009FD801"
               BuildableName = "OmniBLETests.xctest"
               BlueprintName = "OmniBLETests"
               ReferencedContainer = "container:OmniBLE/OmniBLE.xcodeproj">
            </BuildableReference>
         </BuildActionEntry>
         <BuildActionEntry
            buildForTesting = "YES"
            buildForRunning = "NO"
            buildForProfiling = "NO"
            buildForArchiving = "NO"
            buildForAnalyzing = "NO">
            <BuildableReference
               BuildableIdentifier = "primary"
               BlueprintIdentifier = "A91BAC2322BC691A00ABF1BB"
               BuildableName = "NightscoutServiceKitTests.xctest"
               BlueprintName = "NightscoutServiceKitTests"
               ReferencedContainer = "container:NightscoutService/NightscoutService.xcodeproj">
            </BuildableReference>
         </BuildActionEntry>
      </BuildActionEntries>
   </BuildAction>
   <TestAction
      buildConfiguration = "Debug"
      selectedDebuggerIdentifier = "Xcode.DebuggerFoundation.Debugger.LLDB"
      selectedLauncherIdentifier = "Xcode.DebuggerFoundation.Launcher.LLDB"
      shouldUseLaunchSchemeArgsEnv = "YES">
      <MacroExpansion>
         <BuildableReference
            BuildableIdentifier = "primary"
            BlueprintIdentifier = "43776F8B1B8022E90074EA36"
            BuildableName = "Loop.app"
            BlueprintName = "Loop"
            ReferencedContainer = "container:Loop/Loop.xcodeproj">
         </BuildableReference>
      </MacroExpansion>
      <Testables>
         <TestableReference
            skipped = "NO">
            <BuildableReference
               BuildableIdentifier = "primary"
               BlueprintIdentifier = "43D8FDD41C728FDF0073BE78"
               BuildableName = "LoopKitTests.xctest"
               BlueprintName = "LoopKitTests"
               ReferencedContainer = "container:LoopKit/LoopKit.xcodeproj">
            </BuildableReference>
         </TestableReference>
         <TestableReference
            skipped = "NO">
            <BuildableReference
               BuildableIdentifier = "primary"
               BlueprintIdentifier = "C10D9BC91C8269D500378342"
               BuildableName = "MinimedKitTests.xctest"
               BlueprintName = "MinimedKitTests"
               ReferencedContainer = "container:rileylink_ios/RileyLink.xcodeproj">
            </BuildableReference>
         </TestableReference>
         <TestableReference
            skipped = "NO">
            <BuildableReference
               BuildableIdentifier = "primary"
               BlueprintIdentifier = "C1B383131CD0665D00CE7782"
               BuildableName = "NightscoutUploadKitTests.xctest"
               BlueprintName = "NightscoutUploadKitTests"
               ReferencedContainer = "container:rileylink_ios/RileyLink.xcodeproj">
            </BuildableReference>
         </TestableReference>
         <TestableReference
            skipped = "NO">
            <BuildableReference
               BuildableIdentifier = "primary"
               BlueprintIdentifier = "431CE7761F98564200255374"
               BuildableName = "RileyLinkBLEKitTests.xctest"
               BlueprintName = "RileyLinkBLEKitTests"
               ReferencedContainer = "container:rileylink_ios/RileyLink.xcodeproj">
            </BuildableReference>
         </TestableReference>
         <TestableReference
            skipped = "NO">
            <BuildableReference
               BuildableIdentifier = "primary"
               BlueprintIdentifier = "43CABDFC1C3506F100005705"
               BuildableName = "CGMBLEKitTests.xctest"
               BlueprintName = "CGMBLEKitTests"
               ReferencedContainer = "container:CGMBLEKit/CGMBLEKit.xcodeproj">
            </BuildableReference>
         </TestableReference>
         <TestableReference
            skipped = "NO">
            <BuildableReference
               BuildableIdentifier = "primary"
               BlueprintIdentifier = "43E2D8D01D20BF42004DA55F"
               BuildableName = "DoseMathTests.xctest"
               BlueprintName = "DoseMathTests"
               ReferencedContainer = "container:Loop/Loop.xcodeproj">
            </BuildableReference>
         </TestableReference>
         <TestableReference
            skipped = "NO">
            <BuildableReference
               BuildableIdentifier = "primary"
               BlueprintIdentifier = "43E2D90A1D20C581004DA55F"
               BuildableName = "LoopTests.xctest"
               BlueprintName = "LoopTests"
               ReferencedContainer = "container:Loop/Loop.xcodeproj">
            </BuildableReference>
         </TestableReference>
         <TestableReference
            skipped = "NO">
            <BuildableReference
               BuildableIdentifier = "primary"
               BlueprintIdentifier = "C1FFAF7F213323CC00C50C1D"
               BuildableName = "OmniKitTests.xctest"
               BlueprintName = "OmniKitTests"
               ReferencedContainer = "container:rileylink_ios/RileyLink.xcodeproj">
            </BuildableReference>
         </TestableReference>
         <TestableReference
            skipped = "NO">
            <BuildableReference
               BuildableIdentifier = "primary"
               BlueprintIdentifier = "84752E8A26ED0FFE009FD801"
               BuildableName = "OmniBLETests.xctest"
               BlueprintName = "OmniBLETests"
               ReferencedContainer = "container:OmniBLE/OmniBLE.xcodeproj">
            </BuildableReference>
         </TestableReference>
         <TestableReference
            skipped = "NO">
            <BuildableReference
               BuildableIdentifier = "primary"
               BlueprintIdentifier = "B4CEE2DF257129780093111B"
               BuildableName = "MockKitTests.xctest"
               BlueprintName = "MockKitTests"
               ReferencedContainer = "container:LoopKit/LoopKit.xcodeproj">
            </BuildableReference>
         </TestableReference>
         <TestableReference
            skipped = "NO">
            <BuildableReference
               BuildableIdentifier = "primary"
               BlueprintIdentifier = "A91BAC2322BC691A00ABF1BB"
               BuildableName = "NightscoutServiceKitTests.xctest"
               BlueprintName = "NightscoutServiceKitTests"
               ReferencedContainer = "container:NightscoutService/NightscoutService.xcodeproj">
            </BuildableReference>
         </TestableReference>
      </Testables>
   </TestAction>
   <LaunchAction
      buildConfiguration = "Debug"
      selectedDebuggerIdentifier = "Xcode.DebuggerFoundation.Debugger.LLDB"
      selectedLauncherIdentifier = "Xcode.DebuggerFoundation.Launcher.LLDB"
      launchStyle = "0"
      useCustomWorkingDirectory = "NO"
      ignoresPersistentStateOnLaunch = "NO"
      debugDocumentVersioning = "YES"
      debugServiceExtension = "internal"
      allowLocationSimulation = "YES">
      <BuildableProductRunnable
         runnableDebuggingMode = "0">
         <BuildableReference
            BuildableIdentifier = "primary"
            BlueprintIdentifier = "43776F8B1B8022E90074EA36"
            BuildableName = "Loop.app"
            BlueprintName = "Loop"
            ReferencedContainer = "container:Loop/Loop.xcodeproj">
         </BuildableReference>
      </BuildableProductRunnable>
   </LaunchAction>
   <ProfileAction
      buildConfiguration = "Release"
      shouldUseLaunchSchemeArgsEnv = "YES"
      savedToolIdentifier = ""
      useCustomWorkingDirectory = "NO"
      debugDocumentVersioning = "YES">
      <BuildableProductRunnable
         runnableDebuggingMode = "0">
         <BuildableReference
            BuildableIdentifier = "primary"
            BlueprintIdentifier = "43776F8B1B8022E90074EA36"
            BuildableName = "Loop.app"
            BlueprintName = "Loop"
            ReferencedContainer = "container:Loop/Loop.xcodeproj">
         </BuildableReference>
      </BuildableProductRunnable>
   </ProfileAction>
   <AnalyzeAction
      buildConfiguration = "Debug">
   </AnalyzeAction>
   <ArchiveAction
      buildConfiguration = "Release"
      revealArchiveInOrganizer = "YES">
   </ArchiveAction>
</Scheme>
