{
  "pins" : [
    {
      "identity" : "base32",
      "kind" : "remoteSourceControl",
      "location" : "https://github.com/mattrubin/Base32.git",
      "state" : {
        "branch" : "1.1.2+spm",
        "revision" : "d185e44c8b355d34d5c6c6ad502c60cba4599f69"
      }
    },
    {
      "identity" : "cryptoswift",
      "kind" : "remoteSourceControl",
      "location" : "https://github.com/krzyzanowskim/CryptoSwift",
      "state" : {
        "revision" : "4b0565384d3c4c588af09e660535b2c7c9bf5b39",
        "version" : "1.4.2"
      }
    },
    {
      "identity" : "onetimepassword",
      "kind" : "remoteSourceControl",
      "location" : "https://github.com/mattrubin/OneTimePassword",
      "state" : {
        "branch" : "develop",
        "revision" : "8e4022f2852d77240d0a17482cbfe325354aac70"
      }
    }
  ],
  "version" : 2
}
